// !$*UTF8*$!
{
	archiveVersion = 1;
	classes = {
	};
	objectVersion = 46;
	objects = {

/* Begin PBXBuildFile section */
		532774EFAB20E3C578E90A10 /* Pods_Chat_With_FirebaseTests.framework in Frameworks */ = {isa = PBXBuildFile; fileRef = 89AB4313A4E6FD2DA1321385 /* Pods_Chat_With_FirebaseTests.framework */; };
		842D5DAC1DE0734E0026BFB3 /* AppDelegate.swift in Sources */ = {isa = PBXBuildFile; fileRef = 842D5DAB1DE0734E0026BFB3 /* AppDelegate.swift */; };
		842D5DAE1DE0734E0026BFB3 /* SignInVC.swift in Sources */ = {isa = PBXBuildFile; fileRef = 842D5DAD1DE0734E0026BFB3 /* SignInVC.swift */; };
		842D5DB11DE0734E0026BFB3 /* Main.storyboard in Resources */ = {isa = PBXBuildFile; fileRef = 842D5DAF1DE0734E0026BFB3 /* Main.storyboard */; };
		842D5DB31DE0734E0026BFB3 /* Assets.xcassets in Resources */ = {isa = PBXBuildFile; fileRef = 842D5DB21DE0734E0026BFB3 /* Assets.xcassets */; };
		842D5DB61DE0734E0026BFB3 /* LaunchScreen.storyboard in Resources */ = {isa = PBXBuildFile; fileRef = 842D5DB41DE0734E0026BFB3 /* LaunchScreen.storyboard */; };
		842D5DC11DE0734E0026BFB3 /* Chat_With_FirebaseTests.swift in Sources */ = {isa = PBXBuildFile; fileRef = 842D5DC01DE0734E0026BFB3 /* Chat_With_FirebaseTests.swift */; };
		842D5DCC1DE074110026BFB3 /* GoogleService-Info.plist in Resources */ = {isa = PBXBuildFile; fileRef = 842D5DCB1DE074110026BFB3 /* GoogleService-Info.plist */; };
		D20E321650420718ADA60F78 /* Pods_Chat_With_Firebase.framework in Frameworks */ = {isa = PBXBuildFile; fileRef = 02A7CCA7D313A02264B2F77A /* Pods_Chat_With_Firebase.framework */; };
/* End PBXBuildFile section */

/* Begin PBXContainerItemProxy section */
		842D5DBD1DE0734E0026BFB3 /* PBXContainerItemProxy */ = {
			isa = PBXContainerItemProxy;
			containerPortal = 842D5DA01DE0734D0026BFB3 /* Project object */;
			proxyType = 1;
			remoteGlobalIDString = 842D5DA71DE0734D0026BFB3;
			remoteInfo = "Chat With Firebase";
		};
/* End PBXContainerItemProxy section */

/* Begin PBXFileReference section */
		02A7CCA7D313A02264B2F77A /* Pods_Chat_With_Firebase.framework */ = {isa = PBXFileReference; explicitFileType = wrapper.framework; includeInIndex = 0; path = Pods_Chat_With_Firebase.framework; sourceTree = BUILT_PRODUCTS_DIR; };
		32BCFE3AE0102D8DB4FE1BAB /* Pods-Chat With FirebaseTests.release.xcconfig */ = {isa = PBXFileReference; includeInIndex = 1; lastKnownFileType = text.xcconfig; name = "Pods-Chat With FirebaseTests.release.xcconfig"; path = "Pods/Target Support Files/Pods-Chat With FirebaseTests/Pods-Chat With FirebaseTests.release.xcconfig"; sourceTree = "<group>"; };
		3D52817AF46718B185704A3B /* Pods-Chat With Firebase.debug.xcconfig */ = {isa = PBXFileReference; includeInIndex = 1; lastKnownFileType = text.xcconfig; name = "Pods-Chat With Firebase.debug.xcconfig"; path = "Pods/Target Support Files/Pods-Chat With Firebase/Pods-Chat With Firebase.debug.xcconfig"; sourceTree = "<group>"; };
		4B816E9881E219ACF19B1FE0 /* Pods-Chat With FirebaseTests.debug.xcconfig */ = {isa = PBXFileReference; includeInIndex = 1; lastKnownFileType = text.xcconfig; name = "Pods-Chat With FirebaseTests.debug.xcconfig"; path = "Pods/Target Support Files/Pods-Chat With FirebaseTests/Pods-Chat With FirebaseTests.debug.xcconfig"; sourceTree = "<group>"; };
		6F2ED6B492D9B88E1F1EF05D /* Pods-Chat With Firebase.release.xcconfig */ = {isa = PBXFileReference; includeInIndex = 1; lastKnownFileType = text.xcconfig; name = "Pods-Chat With Firebase.release.xcconfig"; path = "Pods/Target Support Files/Pods-Chat With Firebase/Pods-Chat With Firebase.release.xcconfig"; sourceTree = "<group>"; };
		842D5DA81DE0734E0026BFB3 /* Chat With Firebase.app */ = {isa = PBXFileReference; explicitFileType = wrapper.application; includeInIndex = 0; path = "Chat With Firebase.app"; sourceTree = BUILT_PRODUCTS_DIR; };
		842D5DAB1DE0734E0026BFB3 /* AppDelegate.swift */ = {isa = PBXFileReference; lastKnownFileType = sourcecode.swift; path = AppDelegate.swift; sourceTree = "<group>"; };
		842D5DAD1DE0734E0026BFB3 /* SignInVC.swift */ = {isa = PBXFileReference; lastKnownFileType = sourcecode.swift; path = SignInVC.swift; sourceTree = "<group>"; };
		842D5DB01DE0734E0026BFB3 /* Base */ = {isa = PBXFileReference; lastKnownFileType = file.storyboard; name = Base; path = Base.lproj/Main.storyboard; sourceTree = "<group>"; };
		842D5DB21DE0734E0026BFB3 /* Assets.xcassets */ = {isa = PBXFileReference; lastKnownFileType = folder.assetcatalog; path = Assets.xcassets; sourceTree = "<group>"; };
		842D5DB51DE0734E0026BFB3 /* Base */ = {isa = PBXFileReference; lastKnownFileType = file.storyboard; name = Base; path = Base.lproj/LaunchScreen.storyboard; sourceTree = "<group>"; };
		842D5DB71DE0734E0026BFB3 /* Info.plist */ = {isa = PBXFileReference; lastKnownFileType = text.plist.xml; path = Info.plist; sourceTree = "<group>"; };
		842D5DBC1DE0734E0026BFB3 /* Chat With FirebaseTests.xctest */ = {isa = PBXFileReference; explicitFileType = wrapper.cfbundle; includeInIndex = 0; path = "Chat With FirebaseTests.xctest"; sourceTree = BUILT_PRODUCTS_DIR; };
		842D5DC01DE0734E0026BFB3 /* Chat_With_FirebaseTests.swift */ = {isa = PBXFileReference; lastKnownFileType = sourcecode.swift; path = Chat_With_FirebaseTests.swift; sourceTree = "<group>"; };
		842D5DC21DE0734E0026BFB3 /* Info.plist */ = {isa = PBXFileReference; lastKnownFileType = text.plist.xml; path = Info.plist; sourceTree = "<group>"; };
		842D5DCB1DE074110026BFB3 /* GoogleService-Info.plist */ = {isa = PBXFileReference; fileEncoding = 4; lastKnownFileType = text.plist.xml; path = "GoogleService-Info.plist"; sourceTree = "<group>"; };
		89AB4313A4E6FD2DA1321385 /* Pods_Chat_With_FirebaseTests.framework */ = {isa = PBXFileReference; explicitFileType = wrapper.framework; includeInIndex = 0; path = Pods_Chat_With_FirebaseTests.framework; sourceTree = BUILT_PRODUCTS_DIR; };
/* End PBXFileReference section */

/* Begin PBXFrameworksBuildPhase section */
		842D5DA51DE0734D0026BFB3 /* Frameworks */ = {
			isa = PBXFrameworksBuildPhase;
			buildActionMask = 2147483647;
			files = (
				D20E321650420718ADA60F78 /* Pods_Chat_With_Firebase.framework in Frameworks */,
			);
			runOnlyForDeploymentPostprocessing = 0;
		};
		842D5DB91DE0734E0026BFB3 /* Frameworks */ = {
			isa = PBXFrameworksBuildPhase;
			buildActionMask = 2147483647;
			files = (
				532774EFAB20E3C578E90A10 /* Pods_Chat_With_FirebaseTests.framework in Frameworks */,
			);
			runOnlyForDeploymentPostprocessing = 0;
		};
/* End PBXFrameworksBuildPhase section */

/* Begin PBXGroup section */
		842D5D9F1DE0734D0026BFB3 = {
			isa = PBXGroup;
			children = (
				842D5DAA1DE0734E0026BFB3 /* Chat With Firebase */,
				842D5DBF1DE0734E0026BFB3 /* Chat With FirebaseTests */,
				842D5DA91DE0734E0026BFB3 /* Products */,
				89030344B21933D583941577 /* Pods */,
				CD961DCDBB6623438BB4C939 /* Frameworks */,
			);
			sourceTree = "<group>";
		};
		842D5DA91DE0734E0026BFB3 /* Products */ = {
			isa = PBXGroup;
			children = (
				842D5DA81DE0734E0026BFB3 /* Chat With Firebase.app */,
				842D5DBC1DE0734E0026BFB3 /* Chat With FirebaseTests.xctest */,
			);
			name = Products;
			sourceTree = "<group>";
		};
		842D5DAA1DE0734E0026BFB3 /* Chat With Firebase */ = {
			isa = PBXGroup;
			children = (
				842D5DCD1DE0763E0026BFB3 /* Model */,
				842D5DCE1DE076430026BFB3 /* View */,
				842D5DCF1DE076490026BFB3 /* Controller */,
				842D5DCB1DE074110026BFB3 /* GoogleService-Info.plist */,
				842D5DAB1DE0734E0026BFB3 /* AppDelegate.swift */,
				842D5DAF1DE0734E0026BFB3 /* Main.storyboard */,
				842D5DB21DE0734E0026BFB3 /* Assets.xcassets */,
				842D5DB41DE0734E0026BFB3 /* LaunchScreen.storyboard */,
				842D5DB71DE0734E0026BFB3 /* Info.plist */,
			);
			path = "Chat With Firebase";
			sourceTree = "<group>";
		};
		842D5DBF1DE0734E0026BFB3 /* Chat With FirebaseTests */ = {
			isa = PBXGroup;
			children = (
				842D5DC01DE0734E0026BFB3 /* Chat_With_FirebaseTests.swift */,
				842D5DC21DE0734E0026BFB3 /* Info.plist */,
			);
			path = "Chat With FirebaseTests";
			sourceTree = "<group>";
		};
		842D5DCD1DE0763E0026BFB3 /* Model */ = {
			isa = PBXGroup;
			children = (
			);
			name = Model;
			sourceTree = "<group>";
		};
		842D5DCE1DE076430026BFB3 /* View */ = {
			isa = PBXGroup;
			children = (
			);
			name = View;
			sourceTree = "<group>";
		};
		842D5DCF1DE076490026BFB3 /* Controller */ = {
			isa = PBXGroup;
			children = (
				842D5DAD1DE0734E0026BFB3 /* SignInVC.swift */,
			);
			name = Controller;
			sourceTree = "<group>";
		};
		89030344B21933D583941577 /* Pods */ = {
			isa = PBXGroup;
			children = (
				3D52817AF46718B185704A3B /* Pods-Chat With Firebase.debug.xcconfig */,
				6F2ED6B492D9B88E1F1EF05D /* Pods-Chat With Firebase.release.xcconfig */,
				4B816E9881E219ACF19B1FE0 /* Pods-Chat With FirebaseTests.debug.xcconfig */,
				32BCFE3AE0102D8DB4FE1BAB /* Pods-Chat With FirebaseTests.release.xcconfig */,
			);
			name = Pods;
			sourceTree = "<group>";
		};
		CD961DCDBB6623438BB4C939 /* Frameworks */ = {
			isa = PBXGroup;
			children = (
				02A7CCA7D313A02264B2F77A /* Pods_Chat_With_Firebase.framework */,
				89AB4313A4E6FD2DA1321385 /* Pods_Chat_With_FirebaseTests.framework */,
			);
			name = Frameworks;
			sourceTree = "<group>";
		};
/* End PBXGroup section */

/* Begin PBXNativeTarget section */
		842D5DA71DE0734D0026BFB3 /* Chat With Firebase */ = {
			isa = PBXNativeTarget;
			buildConfigurationList = 842D5DC51DE0734E0026BFB3 /* Build configuration list for PBXNativeTarget "Chat With Firebase" */;
			buildPhases = (
				E6ED600453D0BF6D8D3161E6 /* [CP] Check Pods Manifest.lock */,
				842D5DA41DE0734D0026BFB3 /* Sources */,
				842D5DA51DE0734D0026BFB3 /* Frameworks */,
				842D5DA61DE0734D0026BFB3 /* Resources */,
				8AE007BEB5DD1F905926DC10 /* [CP] Embed Pods Frameworks */,
				585F83D83A6AB67428F6DC78 /* [CP] Copy Pods Resources */,
			);
			buildRules = (
			);
			dependencies = (
			);
			name = "Chat With Firebase";
			productName = "Chat With Firebase";
			productReference = 842D5DA81DE0734E0026BFB3 /* Chat With Firebase.app */;
			productType = "com.apple.product-type.application";
		};
		842D5DBB1DE0734E0026BFB3 /* Chat With FirebaseTests */ = {
			isa = PBXNativeTarget;
			buildConfigurationList = 842D5DC81DE0734E0026BFB3 /* Build configuration list for PBXNativeTarget "Chat With FirebaseTests" */;
			buildPhases = (
				83AFB3D1D3FF4F471DB3F7BC /* [CP] Check Pods Manifest.lock */,
				842D5DB81DE0734E0026BFB3 /* Sources */,
				842D5DB91DE0734E0026BFB3 /* Frameworks */,
				842D5DBA1DE0734E0026BFB3 /* Resources */,
				212F10623B39AD05FC659ADE /* [CP] Embed Pods Frameworks */,
				CB73B8EFE057864138A599DE /* [CP] Copy Pods Resources */,
			);
			buildRules = (
			);
			dependencies = (
				842D5DBE1DE0734E0026BFB3 /* PBXTargetDependency */,
			);
			name = "Chat With FirebaseTests";
			productName = "Chat With FirebaseTests";
			productReference = 842D5DBC1DE0734E0026BFB3 /* Chat With FirebaseTests.xctest */;
			productType = "com.apple.product-type.bundle.unit-test";
		};
/* End PBXNativeTarget section */

/* Begin PBXProject section */
		842D5DA01DE0734D0026BFB3 /* Project object */ = {
			isa = PBXProject;
			attributes = {
				LastSwiftUpdateCheck = 0810;
				LastUpgradeCheck = 0810;
				ORGANIZATIONNAME = "An Tran Thien";
				TargetAttributes = {
					842D5DA71DE0734D0026BFB3 = {
						CreatedOnToolsVersion = 8.1;
						DevelopmentTeam = 88F99PN4F2;
						ProvisioningStyle = Automatic;
					};
					842D5DBB1DE0734E0026BFB3 = {
						CreatedOnToolsVersion = 8.1;
						DevelopmentTeam = 88F99PN4F2;
						ProvisioningStyle = Automatic;
						TestTargetID = 842D5DA71DE0734D0026BFB3;
					};
				};
			};
			buildConfigurationList = 842D5DA31DE0734D0026BFB3 /* Build configuration list for PBXProject "Chat With Firebase" */;
			compatibilityVersion = "Xcode 3.2";
			developmentRegion = English;
			hasScannedForEncodings = 0;
			knownRegions = (
				en,
				Base,
			);
			mainGroup = 842D5D9F1DE0734D0026BFB3;
			productRefGroup = 842D5DA91DE0734E0026BFB3 /* Products */;
			projectDirPath = "";
			projectRoot = "";
			targets = (
				842D5DA71DE0734D0026BFB3 /* Chat With Firebase */,
				842D5DBB1DE0734E0026BFB3 /* Chat With FirebaseTests */,
			);
		};
/* End PBXProject section */

/* Begin PBXResourcesBuildPhase section */
		842D5DA61DE0734D0026BFB3 /* Resources */ = {
			isa = PBXResourcesBuildPhase;
			buildActionMask = 2147483647;
			files = (
				842D5DB61DE0734E0026BFB3 /* LaunchScreen.storyboard in Resources */,
				842D5DB31DE0734E0026BFB3 /* Assets.xcassets in Resources */,
				842D5DB11DE0734E0026BFB3 /* Main.storyboard in Resources */,
				842D5DCC1DE074110026BFB3 /* GoogleService-Info.plist in Resources */,
			);
			runOnlyForDeploymentPostprocessing = 0;
		};
		842D5DBA1DE0734E0026BFB3 /* Resources */ = {
			isa = PBXResourcesBuildPhase;
			buildActionMask = 2147483647;
			files = (
			);
			runOnlyForDeploymentPostprocessing = 0;
		};
/* End PBXResourcesBuildPhase section */

/* Begin PBXShellScriptBuildPhase section */
		212F10623B39AD05FC659ADE /* [CP] Embed Pods Frameworks */ = {
			isa = PBXShellScriptBuildPhase;
			buildActionMask = 2147483647;
			files = (
			);
			inputPaths = (
			);
			name = "[CP] Embed Pods Frameworks";
			outputPaths = (
			);
			runOnlyForDeploymentPostprocessing = 0;
			shellPath = /bin/sh;
			shellScript = "\"${SRCROOT}/Pods/Target Support Files/Pods-Chat With FirebaseTests/Pods-Chat With FirebaseTests-frameworks.sh\"\n";
			showEnvVarsInLog = 0;
		};
		585F83D83A6AB67428F6DC78 /* [CP] Copy Pods Resources */ = {
			isa = PBXShellScriptBuildPhase;
			buildActionMask = 2147483647;
			files = (
			);
			inputPaths = (
			);
			name = "[CP] Copy Pods Resources";
			outputPaths = (
			);
			runOnlyForDeploymentPostprocessing = 0;
			shellPath = /bin/sh;
			shellScript = "\"${SRCROOT}/Pods/Target Support Files/Pods-Chat With Firebase/Pods-Chat With Firebase-resources.sh\"\n";
			showEnvVarsInLog = 0;
		};
		83AFB3D1D3FF4F471DB3F7BC /* [CP] Check Pods Manifest.lock */ = {
			isa = PBXShellScriptBuildPhase;
			buildActionMask = 2147483647;
			files = (
			);
			inputPaths = (
			);
			name = "[CP] Check Pods Manifest.lock";
			outputPaths = (
			);
			runOnlyForDeploymentPostprocessing = 0;
			shellPath = /bin/sh;
			shellScript = "diff \"${PODS_ROOT}/../Podfile.lock\" \"${PODS_ROOT}/Manifest.lock\" > /dev/null\nif [ $? != 0 ] ; then\n    # print error to STDERR\n    echo \"error: The sandbox is not in sync with the Podfile.lock. Run 'pod install' or update your CocoaPods installation.\" >&2\n    exit 1\nfi\n";
			showEnvVarsInLog = 0;
		};
		8AE007BEB5DD1F905926DC10 /* [CP] Embed Pods Frameworks */ = {
			isa = PBXShellScriptBuildPhase;
			buildActionMask = 2147483647;
			files = (
			);
			inputPaths = (
			);
			name = "[CP] Embed Pods Frameworks";
			outputPaths = (
			);
			runOnlyForDeploymentPostprocessing = 0;
			shellPath = /bin/sh;
			shellScript = "\"${SRCROOT}/Pods/Target Support Files/Pods-Chat With Firebase/Pods-Chat With Firebase-frameworks.sh\"\n";
			showEnvVarsInLog = 0;
		};
		CB73B8EFE057864138A599DE /* [CP] Copy Pods Resources */ = {
			isa = PBXShellScriptBuildPhase;
			buildActionMask = 2147483647;
			files = (
			);
			inputPaths = (
			);
			name = "[CP] Copy Pods Resources";
			outputPaths = (
			);
			runOnlyForDeploymentPostprocessing = 0;
			shellPath = /bin/sh;
			shellScript = "\"${SRCROOT}/Pods/Target Support Files/Pods-Chat With FirebaseTests/Pods-Chat With FirebaseTests-resources.sh\"\n";
			showEnvVarsInLog = 0;
		};
		E6ED600453D0BF6D8D3161E6 /* [CP] Check Pods Manifest.lock */ = {
			isa = PBXShellScriptBuildPhase;
			buildActionMask = 2147483647;
			files = (
			);
			inputPaths = (
			);
			name = "[CP] Check Pods Manifest.lock";
			outputPaths = (
			);
			runOnlyForDeploymentPostprocessing = 0;
			shellPath = /bin/sh;
			shellScript = "diff \"${PODS_ROOT}/../Podfile.lock\" \"${PODS_ROOT}/Manifest.lock\" > /dev/null\nif [ $? != 0 ] ; then\n    # print error to STDERR\n    echo \"error: The sandbox is not in sync with the Podfile.lock. Run 'pod install' or update your CocoaPods installation.\" >&2\n    exit 1\nfi\n";
			showEnvVarsInLog = 0;
		};
/* End PBXShellScriptBuildPhase section */

/* Begin PBXSourcesBuildPhase section */
		842D5DA41DE0734D0026BFB3 /* Sources */ = {
			isa = PBXSourcesBuildPhase;
			buildActionMask = 2147483647;
			files = (
				842D5DAE1DE0734E0026BFB3 /* SignInVC.swift in Sources */,
				842D5DAC1DE0734E0026BFB3 /* AppDelegate.swift in Sources */,
			);
			runOnlyForDeploymentPostprocessing = 0;
		};
		842D5DB81DE0734E0026BFB3 /* Sources */ = {
			isa = PBXSourcesBuildPhase;
			buildActionMask = 2147483647;
			files = (
				842D5DC11DE0734E0026BFB3 /* Chat_With_FirebaseTests.swift in Sources */,
			);
			runOnlyForDeploymentPostprocessing = 0;
		};
/* End PBXSourcesBuildPhase section */

/* Begin PBXTargetDependency section */
		842D5DBE1DE0734E0026BFB3 /* PBXTargetDependency */ = {
			isa = PBXTargetDependency;
			target = 842D5DA71DE0734D0026BFB3 /* Chat With Firebase */;
			targetProxy = 842D5DBD1DE0734E0026BFB3 /* PBXContainerItemProxy */;
		};
/* End PBXTargetDependency section */

/* Begin PBXVariantGroup section */
		842D5DAF1DE0734E0026BFB3 /* Main.storyboard */ = {
			isa = PBXVariantGroup;
			children = (
				842D5DB01DE0734E0026BFB3 /* Base */,
			);
			name = Main.storyboard;
			sourceTree = "<group>";
		};
		842D5DB41DE0734E0026BFB3 /* LaunchScreen.storyboard */ = {
			isa = PBXVariantGroup;
			children = (
				842D5DB51DE0734E0026BFB3 /* Base */,
			);
			name = LaunchScreen.storyboard;
			sourceTree = "<group>";
		};
/* End PBXVariantGroup section */

/* Begin XCBuildConfiguration section */
		842D5DC31DE0734E0026BFB3 /* Debug */ = {
			isa = XCBuildConfiguration;
			buildSettings = {
				ALWAYS_SEARCH_USER_PATHS = NO;
				CLANG_ANALYZER_NONNULL = YES;
				CLANG_CXX_LANGUAGE_STANDARD = "gnu++0x";
				CLANG_CXX_LIBRARY = "libc++";
				CLANG_ENABLE_MODULES = YES;
				CLANG_ENABLE_OBJC_ARC = YES;
				CLANG_WARN_BOOL_CONVERSION = YES;
				CLANG_WARN_CONSTANT_CONVERSION = YES;
				CLANG_WARN_DIRECT_OBJC_ISA_USAGE = YES_ERROR;
				CLANG_WARN_DOCUMENTATION_COMMENTS = YES;
				CLANG_WARN_EMPTY_BODY = YES;
				CLANG_WARN_ENUM_CONVERSION = YES;
				CLANG_WARN_INFINITE_RECURSION = YES;
				CLANG_WARN_INT_CONVERSION = YES;
				CLANG_WARN_OBJC_ROOT_CLASS = YES_ERROR;
				CLANG_WARN_SUSPICIOUS_MOVES = YES;
				CLANG_WARN_UNREACHABLE_CODE = YES;
				CLANG_WARN__DUPLICATE_METHOD_MATCH = YES;
				"CODE_SIGN_IDENTITY[sdk=iphoneos*]" = "iPhone Developer";
				COPY_PHASE_STRIP = NO;
				DEBUG_INFORMATION_FORMAT = dwarf;
				ENABLE_STRICT_OBJC_MSGSEND = YES;
				ENABLE_TESTABILITY = YES;
				GCC_C_LANGUAGE_STANDARD = gnu99;
				GCC_DYNAMIC_NO_PIC = NO;
				GCC_NO_COMMON_BLOCKS = YES;
				GCC_OPTIMIZATION_LEVEL = 0;
				GCC_PREPROCESSOR_DEFINITIONS = (
					"DEBUG=1",
					"$(inherited)",
				);
				GCC_WARN_64_TO_32_BIT_CONVERSION = YES;
				GCC_WARN_ABOUT_RETURN_TYPE = YES_ERROR;
				GCC_WARN_UNDECLARED_SELECTOR = YES;
				GCC_WARN_UNINITIALIZED_AUTOS = YES_AGGRESSIVE;
				GCC_WARN_UNUSED_FUNCTION = YES;
				GCC_WARN_UNUSED_VARIABLE = YES;
				IPHONEOS_DEPLOYMENT_TARGET = 10.1;
				MTL_ENABLE_DEBUG_INFO = YES;
				ONLY_ACTIVE_ARCH = YES;
				SDKROOT = iphoneos;
				SWIFT_ACTIVE_COMPILATION_CONDITIONS = DEBUG;
				SWIFT_OPTIMIZATION_LEVEL = "-Onone";
			};
			name = Debug;
		};
		842D5DC41DE0734E0026BFB3 /* Release */ = {
			isa = XCBuildConfiguration;
			buildSettings = {
				ALWAYS_SEARCH_USER_PATHS = NO;
				CLANG_ANALYZER_NONNULL = YES;
				CLANG_CXX_LANGUAGE_STANDARD = "gnu++0x";
				CLANG_CXX_LIBRARY = "libc++";
				CLANG_ENABLE_MODULES = YES;
				CLANG_ENABLE_OBJC_ARC = YES;
				CLANG_WARN_BOOL_CONVERSION = YES;
				CLANG_WARN_CONSTANT_CONVERSION = YES;
				CLANG_WARN_DIRECT_OBJC_ISA_USAGE = YES_ERROR;
				CLANG_WARN_DOCUMENTATION_COMMENTS = YES;
				CLANG_WARN_EMPTY_BODY = YES;
				CLANG_WARN_ENUM_CONVERSION = YES;
				CLANG_WARN_INFINITE_RECURSION = YES;
				CLANG_WARN_INT_CONVERSION = YES;
				CLANG_WARN_OBJC_ROOT_CLASS = YES_ERROR;
				CLANG_WARN_SUSPICIOUS_MOVES = YES;
				CLANG_WARN_UNREACHABLE_CODE = YES;
				CLANG_WARN__DUPLICATE_METHOD_MATCH = YES;
				"CODE_SIGN_IDENTITY[sdk=iphoneos*]" = "iPhone Developer";
				COPY_PHASE_STRIP = NO;
				DEBUG_INFORMATION_FORMAT = "dwarf-with-dsym";
				ENABLE_NS_ASSERTIONS = NO;
				ENABLE_STRICT_OBJC_MSGSEND = YES;
				GCC_C_LANGUAGE_STANDARD = gnu99;
				GCC_NO_COMMON_BLOCKS = YES;
				GCC_WARN_64_TO_32_BIT_CONVERSION = YES;
				GCC_WARN_ABOUT_RETURN_TYPE = YES_ERROR;
				GCC_WARN_UNDECLARED_SELECTOR = YES;
				GCC_WARN_UNINITIALIZED_AUTOS = YES_AGGRESSIVE;
				GCC_WARN_UNUSED_FUNCTION = YES;
				GCC_WARN_UNUSED_VARIABLE = YES;
				IPHONEOS_DEPLOYMENT_TARGET = 10.1;
				MTL_ENABLE_DEBUG_INFO = NO;
				SDKROOT = iphoneos;
				SWIFT_OPTIMIZATION_LEVEL = "-Owholemodule";
				VALIDATE_PRODUCT = YES;
			};
			name = Release;
		};
		842D5DC61DE0734E0026BFB3 /* Debug */ = {
			isa = XCBuildConfiguration;
			baseConfigurationReference = 3D52817AF46718B185704A3B /* Pods-Chat With Firebase.debug.xcconfig */;
			buildSettings = {
				ASSETCATALOG_COMPILER_APPICON_NAME = AppIcon;
				DEVELOPMENT_TEAM = 88F99PN4F2;
				INFOPLIST_FILE = "Chat With Firebase/Info.plist";
				LD_RUNPATH_SEARCH_PATHS = "$(inherited) @executable_path/Frameworks";
				PRODUCT_BUNDLE_IDENTIFIER = "com.thienantran.Chat-With-Firebase";
				PRODUCT_NAME = "$(TARGET_NAME)";
				SWIFT_VERSION = 3.0;
			};
			name = Debug;
		};
		842D5DC71DE0734E0026BFB3 /* Release */ = {
			isa = XCBuildConfiguration;
			baseConfigurationReference = 6F2ED6B492D9B88E1F1EF05D /* Pods-Chat With Firebase.release.xcconfig */;
			buildSettings = {
				ASSETCATALOG_COMPILER_APPICON_NAME = AppIcon;
				DEVELOPMENT_TEAM = 88F99PN4F2;
				INFOPLIST_FILE = "Chat With Firebase/Info.plist";
				LD_RUNPATH_SEARCH_PATHS = "$(inherited) @executable_path/Frameworks";
				PRODUCT_BUNDLE_IDENTIFIER = "com.thienantran.Chat-With-Firebase";
				PRODUCT_NAME = "$(TARGET_NAME)";
				SWIFT_VERSION = 3.0;
			};
			name = Release;
		};
		842D5DC91DE0734E0026BFB3 /* Debug */ = {
			isa = XCBuildConfiguration;
			baseConfigurationReference = 4B816E9881E219ACF19B1FE0 /* Pods-Chat With FirebaseTests.debug.xcconfig */;
			buildSettings = {
				ALWAYS_EMBED_SWIFT_STANDARD_LIBRARIES = YES;
				BUNDLE_LOADER = "$(TEST_HOST)";
				DEVELOPMENT_TEAM = 88F99PN4F2;
				INFOPLIST_FILE = "Chat With FirebaseTests/Info.plist";
				LD_RUNPATH_SEARCH_PATHS = "$(inherited) @executable_path/Frameworks @loader_path/Frameworks";
				PRODUCT_BUNDLE_IDENTIFIER = "com.thienantran.Chat-With-FirebaseTests";
				PRODUCT_NAME = "$(TARGET_NAME)";
				SWIFT_VERSION = 3.0;
				TEST_HOST = "$(BUILT_PRODUCTS_DIR)/Chat With Firebase.app/Chat With Firebase";
			};
			name = Debug;
		};
		842D5DCA1DE0734E0026BFB3 /* Release */ = {
			isa = XCBuildConfiguration;
			baseConfigurationReference = 32BCFE3AE0102D8DB4FE1BAB /* Pods-Chat With FirebaseTests.release.xcconfig */;
			buildSettings = {
				ALWAYS_EMBED_SWIFT_STANDARD_LIBRARIES = YES;
				BUNDLE_LOADER = "$(TEST_HOST)";
				DEVELOPMENT_TEAM = 88F99PN4F2;
				INFOPLIST_FILE = "Chat With FirebaseTests/Info.plist";
				LD_RUNPATH_SEARCH_PATHS = "$(inherited) @executable_path/Frameworks @loader_path/Frameworks";
				PRODUCT_BUNDLE_IDENTIFIER = "com.thienantran.Chat-With-FirebaseTests";
				PRODUCT_NAME = "$(TARGET_NAME)";
				SWIFT_VERSION = 3.0;
				TEST_HOST = "$(BUILT_PRODUCTS_DIR)/Chat With Firebase.app/Chat With Firebase";
			};
			name = Release;
		};
/* End XCBuildConfiguration section */

/* Begin XCConfigurationList section */
		842D5DA31DE0734D0026BFB3 /* Build configuration list for PBXProject "Chat With Firebase" */ = {
			isa = XCConfigurationList;
			buildConfigurations = (
				842D5DC31DE0734E0026BFB3 /* Debug */,
				842D5DC41DE0734E0026BFB3 /* Release */,
			);
			defaultConfigurationIsVisible = 0;
			defaultConfigurationName = Release;
		};
		842D5DC51DE0734E0026BFB3 /* Build configuration list for PBXNativeTarget "Chat With Firebase" */ = {
			isa = XCConfigurationList;
			buildConfigurations = (
				842D5DC61DE0734E0026BFB3 /* Debug */,
				842D5DC71DE0734E0026BFB3 /* Release */,
			);
			defaultConfigurationIsVisible = 0;
			defaultConfigurationName = Release;
		};
		842D5DC81DE0734E0026BFB3 /* Build configuration list for PBXNativeTarget "Chat With FirebaseTests" */ = {
			isa = XCConfigurationList;
			buildConfigurations = (
				842D5DC91DE0734E0026BFB3 /* Debug */,
				842D5DCA1DE0734E0026BFB3 /* Release */,
			);
			defaultConfigurationIsVisible = 0;
			defaultConfigurationName = Release;
		};
/* End XCConfigurationList section */
	};
	rootObject = 842D5DA01DE0734D0026BFB3 /* Project object */;
}
